// !$*UTF8*$!
{
	archiveVersion = 1;
	classes = {
	};
	objectVersion = 77;
	objects = {

/* Begin PBXContainerItemProxy section */
		A471A77F2CD09BCE00B612E1 /* PBXContainerItemProxy */ = {
			isa = PBXContainerItemProxy;
			containerPortal = A471A7652CD09BCD00B612E1 /* Project object */;
			proxyType = 1;
			remoteGlobalIDString = A471A76C2CD09BCD00B612E1;
			remoteInfo = MNISTImageViewer;
		};
		A471A7892CD09BCE00B612E1 /* PBXContainerItemProxy */ = {
			isa = PBXContainerItemProxy;
			containerPortal = A471A7652CD09BCD00B612E1 /* Project object */;
			proxyType = 1;
			remoteGlobalIDString = A471A76C2CD09BCD00B612E1;
			remoteInfo = MNISTImageViewer;
		};
/* End PBXContainerItemProxy section */

/* Begin PBXFileReference section */
		A471A76D2CD09BCD00B612E1 /* MNISTImageViewer.app */ = {isa = PBXFileReference; explicitFileType = wrapper.application; includeInIndex = 0; path = MNISTImageViewer.app; sourceTree = BUILT_PRODUCTS_DIR; };
		A471A77E2CD09BCE00B612E1 /* MNISTImageViewerTests.xctest */ = {isa = PBXFileReference; explicitFileType = wrapper.cfbundle; includeInIndex = 0; path = MNISTImageViewerTests.xctest; sourceTree = BUILT_PRODUCTS_DIR; };
		A471A7882CD09BCE00B612E1 /* MNISTImageViewerUITests.xctest */ = {isa = PBXFileReference; explicitFileType = wrapper.cfbundle; includeInIndex = 0; path = MNISTImageViewerUITests.xctest; sourceTree = BUILT_PRODUCTS_DIR; };
/* End PBXFileReference section */

/* Begin PBXFileSystemSynchronizedRootGroup section */
		A471A76F2CD09BCD00B612E1 /* MNISTImageViewer */ = {
			isa = PBXFileSystemSynchronizedRootGroup;
			path = MNISTImageViewer;
			sourceTree = "<group>";
		};
		A471A7812CD09BCE00B612E1 /* MNISTImageViewerTests */ = {
			isa = PBXFileSystemSynchronizedRootGroup;
			path = MNISTImageViewerTests;
			sourceTree = "<group>";
		};
		A471A78B2CD09BCE00B612E1 /* MNISTImageViewerUITests */ = {
			isa = PBXFileSystemSynchronizedRootGroup;
			path = MNISTImageViewerUITests;
			sourceTree = "<group>";
		};
/* End PBXFileSystemSynchronizedRootGroup section */

/* Begin PBXFrameworksBuildPhase section */
		A471A76A2CD09BCD00B612E1 /* Frameworks */ = {
			isa = PBXFrameworksBuildPhase;
			buildActionMask = 2147483647;
			files = (
			);
			runOnlyForDeploymentPostprocessing = 0;
		};
		A471A77B2CD09BCE00B612E1 /* Frameworks */ = {
			isa = PBXFrameworksBuildPhase;
			buildActionMask = 2147483647;
			files = (
			);
			runOnlyForDeploymentPostprocessing = 0;
		};
		A471A7852CD09BCE00B612E1 /* Frameworks */ = {
			isa = PBXFrameworksBuildPhase;
			buildActionMask = 2147483647;
			files = (
			);
			runOnlyForDeploymentPostprocessing = 0;
		};
/* End PBXFrameworksBuildPhase section */

/* Begin PBXGroup section */
		A471A7642CD09BCD00B612E1 = {
			isa = PBXGroup;
			children = (
				A471A76F2CD09BCD00B612E1 /* MNISTImageViewer */,
				A471A7812CD09BCE00B612E1 /* MNISTImageViewerTests */,
				A471A78B2CD09BCE00B612E1 /* MNISTImageViewerUITests */,
				A471A76E2CD09BCD00B612E1 /* Products */,
			);
			sourceTree = "<group>";
		};
		A471A76E2CD09BCD00B612E1 /* Products */ = {
			isa = PBXGroup;
			children = (
				A471A76D2CD09BCD00B612E1 /* MNISTImageViewer.app */,
				A471A77E2CD09BCE00B612E1 /* MNISTImageViewerTests.xctest */,
				A471A7882CD09BCE00B612E1 /* MNISTImageViewerUITests.xctest */,
			);
			name = Products;
			sourceTree = "<group>";
		};
/* End PBXGroup section */

/* Begin PBXNativeTarget section */
		A471A76C2CD09BCD00B612E1 /* MNISTImageViewer */ = {
			isa = PBXNativeTarget;
			buildConfigurationList = A471A7922CD09BCE00B612E1 /* Build configuration list for PBXNativeTarget "MNISTImageViewer" */;
			buildPhases = (
				A471A7692CD09BCD00B612E1 /* Sources */,
				A471A76A2CD09BCD00B612E1 /* Frameworks */,
				A471A76B2CD09BCD00B612E1 /* Resources */,
			);
			buildRules = (
			);
			dependencies = (
			);
			fileSystemSynchronizedGroups = (
				A471A76F2CD09BCD00B612E1 /* MNISTImageViewer */,
			);
			name = MNISTImageViewer;
			packageProductDependencies = (
			);
			productName = MNISTImageViewer;
			productReference = A471A76D2CD09BCD00B612E1 /* MNISTImageViewer.app */;
			productType = "com.apple.product-type.application";
		};
		A471A77D2CD09BCE00B612E1 /* MNISTImageViewerTests */ = {
			isa = PBXNativeTarget;
			buildConfigurationList = A471A7952CD09BCE00B612E1 /* Build configuration list for PBXNativeTarget "MNISTImageViewerTests" */;
			buildPhases = (
				A471A77A2CD09BCE00B612E1 /* Sources */,
				A471A77B2CD09BCE00B612E1 /* Frameworks */,
				A471A77C2CD09BCE00B612E1 /* Resources */,
			);
			buildRules = (
			);
			dependencies = (
				A471A7802CD09BCE00B612E1 /* PBXTargetDependency */,
			);
			fileSystemSynchronizedGroups = (
				A471A7812CD09BCE00B612E1 /* MNISTImageViewerTests */,
			);
			name = MNISTImageViewerTests;
			packageProductDependencies = (
			);
			productName = MNISTImageViewerTests;
			productReference = A471A77E2CD09BCE00B612E1 /* MNISTImageViewerTests.xctest */;
			productType = "com.apple.product-type.bundle.unit-test";
		};
		A471A7872CD09BCE00B612E1 /* MNISTImageViewerUITests */ = {
			isa = PBXNativeTarget;
			buildConfigurationList = A471A7982CD09BCE00B612E1 /* Build configuration list for PBXNativeTarget "MNISTImageViewerUITests" */;
			buildPhases = (
				A471A7842CD09BCE00B612E1 /* Sources */,
				A471A7852CD09BCE00B612E1 /* Frameworks */,
				A471A7862CD09BCE00B612E1 /* Resources */,
			);
			buildRules = (
			);
			dependencies = (
				A471A78A2CD09BCE00B612E1 /* PBXTargetDependency */,
			);
			fileSystemSynchronizedGroups = (
				A471A78B2CD09BCE00B612E1 /* MNISTImageViewerUITests */,
			);
			name = MNISTImageViewerUITests;
			packageProductDependencies = (
			);
			productName = MNISTImageViewerUITests;
			productReference = A471A7882CD09BCE00B612E1 /* MNISTImageViewerUITests.xctest */;
			productType = "com.apple.product-type.bundle.ui-testing";
		};
/* End PBXNativeTarget section */

/* Begin PBXProject section */
		A471A7652CD09BCD00B612E1 /* Project object */ = {
			isa = PBXProject;
			attributes = {
				BuildIndependentTargetsInParallel = 1;
				LastSwiftUpdateCheck = 1600;
				LastUpgradeCheck = 1600;
				TargetAttributes = {
					A471A76C2CD09BCD00B612E1 = {
						CreatedOnToolsVersion = 16.0;
					};
					A471A77D2CD09BCE00B612E1 = {
						CreatedOnToolsVersion = 16.0;
						TestTargetID = A471A76C2CD09BCD00B612E1;
					};
					A471A7872CD09BCE00B612E1 = {
						CreatedOnToolsVersion = 16.0;
						TestTargetID = A471A76C2CD09BCD00B612E1;
					};
				};
			};
			buildConfigurationList = A471A7682CD09BCD00B612E1 /* Build configuration list for PBXProject "MNISTImageViewer" */;
			developmentRegion = en;
			hasScannedForEncodings = 0;
			knownRegions = (
				en,
				Base,
			);
			mainGroup = A471A7642CD09BCD00B612E1;
			minimizedProjectReferenceProxies = 1;
			preferredProjectObjectVersion = 77;
			productRefGroup = A471A76E2CD09BCD00B612E1 /* Products */;
			projectDirPath = "";
			projectRoot = "";
			targets = (
				A471A76C2CD09BCD00B612E1 /* MNISTImageViewer */,
				A471A77D2CD09BCE00B612E1 /* MNISTImageViewerTests */,
				A471A7872CD09BCE00B612E1 /* MNISTImageViewerUITests */,
			);
		};
/* End PBXProject section */

/* Begin PBXResourcesBuildPhase section */
		A471A76B2CD09BCD00B612E1 /* Resources */ = {
			isa = PBXResourcesBuildPhase;
			buildActionMask = 2147483647;
			files = (
			);
			runOnlyForDeploymentPostprocessing = 0;
		};
		A471A77C2CD09BCE00B612E1 /* Resources */ = {
			isa = PBXResourcesBuildPhase;
			buildActionMask = 2147483647;
			files = (
			);
			runOnlyForDeploymentPostprocessing = 0;
		};
		A471A7862CD09BCE00B612E1 /* Resources */ = {
			isa = PBXResourcesBuildPhase;
			buildActionMask = 2147483647;
			files = (
			);
			runOnlyForDeploymentPostprocessing = 0;
		};
/* End PBXResourcesBuildPhase section */

/* Begin PBXSourcesBuildPhase section */
		A471A7692CD09BCD00B612E1 /* Sources */ = {
			isa = PBXSourcesBuildPhase;
			buildActionMask = 2147483647;
			files = (
			);
			runOnlyForDeploymentPostprocessing = 0;
		};
		A471A77A2CD09BCE00B612E1 /* Sources */ = {
			isa = PBXSourcesBuildPhase;
			buildActionMask = 2147483647;
			files = (
			);
			runOnlyForDeploymentPostprocessing = 0;
		};
		A471A7842CD09BCE00B612E1 /* Sources */ = {
			isa = PBXSourcesBuildPhase;
			buildActionMask = 2147483647;
			files = (
			);
			runOnlyForDeploymentPostprocessing = 0;
		};
/* End PBXSourcesBuildPhase section */

/* Begin PBXTargetDependency section */
		A471A7802CD09BCE00B612E1 /* PBXTargetDependency */ = {
			isa = PBXTargetDependency;
			target = A471A76C2CD09BCD00B612E1 /* MNISTImageViewer */;
			targetProxy = A471A77F2CD09BCE00B612E1 /* PBXContainerItemProxy */;
		};
		A471A78A2CD09BCE00B612E1 /* PBXTargetDependency */ = {
			isa = PBXTargetDependency;
			target = A471A76C2CD09BCD00B612E1 /* MNISTImageViewer */;
			targetProxy = A471A7892CD09BCE00B612E1 /* PBXContainerItemProxy */;
		};
/* End PBXTargetDependency section */

/* Begin XCBuildConfiguration section */
		A471A7902CD09BCE00B612E1 /* Debug */ = {
			isa = XCBuildConfiguration;
			buildSettings = {
				ALWAYS_SEARCH_USER_PATHS = NO;
				ASSETCATALOG_COMPILER_GENERATE_SWIFT_ASSET_SYMBOL_EXTENSIONS = YES;
				CLANG_ANALYZER_NONNULL = YES;
				CLANG_ANALYZER_NUMBER_OBJECT_CONVERSION = YES_AGGRESSIVE;
				CLANG_CXX_LANGUAGE_STANDARD = "gnu++20";
				CLANG_ENABLE_MODULES = YES;
				CLANG_ENABLE_OBJC_ARC = YES;
				CLANG_ENABLE_OBJC_WEAK = YES;
				CLANG_WARN_BLOCK_CAPTURE_AUTORELEASING = YES;
				CLANG_WARN_BOOL_CONVERSION = YES;
				CLANG_WARN_COMMA = YES;
				CLANG_WARN_CONSTANT_CONVERSION = YES;
				CLANG_WARN_DEPRECATED_OBJC_IMPLEMENTATIONS = YES;
				CLANG_WARN_DIRECT_OBJC_ISA_USAGE = YES_ERROR;
				CLANG_WARN_DOCUMENTATION_COMMENTS = YES;
				CLANG_WARN_EMPTY_BODY = YES;
				CLANG_WARN_ENUM_CONVERSION = YES;
				CLANG_WARN_INFINITE_RECURSION = YES;
				CLANG_WARN_INT_CONVERSION = YES;
				CLANG_WARN_NON_LITERAL_NULL_CONVERSION = YES;
				CLANG_WARN_OBJC_IMPLICIT_RETAIN_SELF = YES;
				CLANG_WARN_OBJC_LITERAL_CONVERSION = YES;
				CLANG_WARN_OBJC_ROOT_CLASS = YES_ERROR;
				CLANG_WARN_QUOTED_INCLUDE_IN_FRAMEWORK_HEADER = YES;
				CLANG_WARN_RANGE_LOOP_ANALYSIS = YES;
				CLANG_WARN_STRICT_PROTOTYPES = YES;
				CLANG_WARN_SUSPICIOUS_MOVE = YES;
				CLANG_WARN_UNGUARDED_AVAILABILITY = YES_AGGRESSIVE;
				CLANG_WARN_UNREACHABLE_CODE = YES;
				CLANG_WARN__DUPLICATE_METHOD_MATCH = YES;
				COPY_PHASE_STRIP = NO;
				DEBUG_INFORMATION_FORMAT = dwarf;
				ENABLE_STRICT_OBJC_MSGSEND = YES;
				ENABLE_TESTABILITY = YES;
				ENABLE_USER_SCRIPT_SANDBOXING = YES;
				GCC_C_LANGUAGE_STANDARD = gnu17;
				GCC_DYNAMIC_NO_PIC = NO;
				GCC_NO_COMMON_BLOCKS = YES;
				GCC_OPTIMIZATION_LEVEL = 0;
				GCC_PREPROCESSOR_DEFINITIONS = (
					"DEBUG=1",
					"$(inherited)",
				);
				GCC_WARN_64_TO_32_BIT_CONVERSION = YES;
				GCC_WARN_ABOUT_RETURN_TYPE = YES_ERROR;
				GCC_WARN_UNDECLARED_SELECTOR = YES;
				GCC_WARN_UNINITIALIZED_AUTOS = YES_AGGRESSIVE;
				GCC_WARN_UNUSED_FUNCTION = YES;
				GCC_WARN_UNUSED_VARIABLE = YES;
				LOCALIZATION_PREFERS_STRING_CATALOGS = YES;
				MACOSX_DEPLOYMENT_TARGET = 14.5;
				MTL_ENABLE_DEBUG_INFO = INCLUDE_SOURCE;
				MTL_FAST_MATH = YES;
				ONLY_ACTIVE_ARCH = YES;
				SDKROOT = macosx;
				SWIFT_ACTIVE_COMPILATION_CONDITIONS = "DEBUG $(inherited)";
				SWIFT_OPTIMIZATION_LEVEL = "-Onone";
			};
			name = Debug;
		};
		A471A7912CD09BCE00B612E1 /* Release */ = {
			isa = XCBuildConfiguration;
			buildSettings = {
				ALWAYS_SEARCH_USER_PATHS = NO;
				ASSETCATALOG_COMPILER_GENERATE_SWIFT_ASSET_SYMBOL_EXTENSIONS = YES;
				CLANG_ANALYZER_NONNULL = YES;
				CLANG_ANALYZER_NUMBER_OBJECT_CONVERSION = YES_AGGRESSIVE;
				CLANG_CXX_LANGUAGE_STANDARD = "gnu++20";
				CLANG_ENABLE_MODULES = YES;
				CLANG_ENABLE_OBJC_ARC = YES;
				CLANG_ENABLE_OBJC_WEAK = YES;
				CLANG_WARN_BLOCK_CAPTURE_AUTORELEASING = YES;
				CLANG_WARN_BOOL_CONVERSION = YES;
				CLANG_WARN_COMMA = YES;
				CLANG_WARN_CONSTANT_CONVERSION = YES;
				CLANG_WARN_DEPRECATED_OBJC_IMPLEMENTATIONS = YES;
				CLANG_WARN_DIRECT_OBJC_ISA_USAGE = YES_ERROR;
				CLANG_WARN_DOCUMENTATION_COMMENTS = YES;
				CLANG_WARN_EMPTY_BODY = YES;
				CLANG_WARN_ENUM_CONVERSION = YES;
				CLANG_WARN_INFINITE_RECURSION = YES;
				CLANG_WARN_INT_CONVERSION = YES;
				CLANG_WARN_NON_LITERAL_NULL_CONVERSION = YES;
				CLANG_WARN_OBJC_IMPLICIT_RETAIN_SELF = YES;
				CLANG_WARN_OBJC_LITERAL_CONVERSION = YES;
				CLANG_WARN_OBJC_ROOT_CLASS = YES_ERROR;
				CLANG_WARN_QUOTED_INCLUDE_IN_FRAMEWORK_HEADER = YES;
				CLANG_WARN_RANGE_LOOP_ANALYSIS = YES;
				CLANG_WARN_STRICT_PROTOTYPES = YES;
				CLANG_WARN_SUSPICIOUS_MOVE = YES;
				CLANG_WARN_UNGUARDED_AVAILABILITY = YES_AGGRESSIVE;
				CLANG_WARN_UNREACHABLE_CODE = YES;
				CLANG_WARN__DUPLICATE_METHOD_MATCH = YES;
				COPY_PHASE_STRIP = NO;
				DEBUG_INFORMATION_FORMAT = "dwarf-with-dsym";
				ENABLE_NS_ASSERTIONS = NO;
				ENABLE_STRICT_OBJC_MSGSEND = YES;
				ENABLE_USER_SCRIPT_SANDBOXING = YES;
				GCC_C_LANGUAGE_STANDARD = gnu17;
				GCC_NO_COMMON_BLOCKS = YES;
				GCC_WARN_64_TO_32_BIT_CONVERSION = YES;
				GCC_WARN_ABOUT_RETURN_TYPE = YES_ERROR;
				GCC_WARN_UNDECLARED_SELECTOR = YES;
				GCC_WARN_UNINITIALIZED_AUTOS = YES_AGGRESSIVE;
				GCC_WARN_UNUSED_FUNCTION = YES;
				GCC_WARN_UNUSED_VARIABLE = YES;
				LOCALIZATION_PREFERS_STRING_CATALOGS = YES;
				MACOSX_DEPLOYMENT_TARGET = 14.5;
				MTL_ENABLE_DEBUG_INFO = NO;
				MTL_FAST_MATH = YES;
				SDKROOT = macosx;
				SWIFT_COMPILATION_MODE = wholemodule;
			};
			name = Release;
		};
		A471A7932CD09BCE00B612E1 /* Debug */ = {
			isa = XCBuildConfiguration;
			buildSettings = {
				ASSETCATALOG_COMPILER_APPICON_NAME = AppIcon;
				ASSETCATALOG_COMPILER_GLOBAL_ACCENT_COLOR_NAME = AccentColor;
				CODE_SIGN_ENTITLEMENTS = MNISTImageViewer/MNISTImageViewer.entitlements;
				CODE_SIGN_STYLE = Automatic;
				COMBINE_HIDPI_IMAGES = YES;
				CURRENT_PROJECT_VERSION = 1;
				DEVELOPMENT_ASSET_PATHS = "\"MNISTImageViewer/Preview Content\"";
				DEVELOPMENT_TEAM = 2SL2J74D3L;
				ENABLE_HARDENED_RUNTIME = YES;
				ENABLE_PREVIEWS = YES;
				GENERATE_INFOPLIST_FILE = YES;
				INFOPLIST_KEY_NSHumanReadableCopyright = "";
				LD_RUNPATH_SEARCH_PATHS = (
					"$(inherited)",
					"@executable_path/../Frameworks",
				);
				MARKETING_VERSION = 1.0;
				PRODUCT_BUNDLE_IDENTIFIER = com.metallibraries.MNISTImageViewer;
				PRODUCT_NAME = "$(TARGET_NAME)";
				SWIFT_EMIT_LOC_STRINGS = YES;
				SWIFT_VERSION = 5.0;
			};
			name = Debug;
		};
		A471A7942CD09BCE00B612E1 /* Release */ = {
			isa = XCBuildConfiguration;
			buildSettings = {
				ASSETCATALOG_COMPILER_APPICON_NAME = AppIcon;
				ASSETCATALOG_COMPILER_GLOBAL_ACCENT_COLOR_NAME = AccentColor;
				CODE_SIGN_ENTITLEMENTS = MNISTImageViewer/MNISTImageViewer.entitlements;
				CODE_SIGN_STYLE = Automatic;
				COMBINE_HIDPI_IMAGES = YES;
				CURRENT_PROJECT_VERSION = 1;
				DEVELOPMENT_ASSET_PATHS = "\"MNISTImageViewer/Preview Content\"";
				DEVELOPMENT_TEAM = 2SL2J74D3L;
				ENABLE_HARDENED_RUNTIME = YES;
				ENABLE_PREVIEWS = YES;
				GENERATE_INFOPLIST_FILE = YES;
				INFOPLIST_KEY_NSHumanReadableCopyright = "";
				LD_RUNPATH_SEARCH_PATHS = (
					"$(inherited)",
					"@executable_path/../Frameworks",
				);
				MARKETING_VERSION = 1.0;
				PRODUCT_BUNDLE_IDENTIFIER = com.metallibraries.MNISTImageViewer;
				PRODUCT_NAME = "$(TARGET_NAME)";
				SWIFT_EMIT_LOC_STRINGS = YES;
				SWIFT_VERSION = 5.0;
			};
			name = Release;
		};
		A471A7962CD09BCE00B612E1 /* Debug */ = {
			isa = XCBuildConfiguration;
			buildSettings = {
				BUNDLE_LOADER = "$(TEST_HOST)";
				CODE_SIGN_STYLE = Automatic;
				CURRENT_PROJECT_VERSION = 1;
				DEVELOPMENT_TEAM = 2SL2J74D3L;
				GENERATE_INFOPLIST_FILE = YES;
				MACOSX_DEPLOYMENT_TARGET = 14.5;
				MARKETING_VERSION = 1.0;
				PRODUCT_BUNDLE_IDENTIFIER = com.metallibraries.MNISTImageViewerTests;
				PRODUCT_NAME = "$(TARGET_NAME)";
				SWIFT_EMIT_LOC_STRINGS = NO;
				SWIFT_VERSION = 5.0;
				TEST_HOST = "$(BUILT_PRODUCTS_DIR)/MNISTImageViewer.app/$(BUNDLE_EXECUTABLE_FOLDER_PATH)/MNISTImageViewer";
			};
			name = Debug;
		};
		A471A7972CD09BCE00B612E1 /* Release */ = {
			isa = XCBuildConfiguration;
			buildSettings = {
				BUNDLE_LOADER = "$(TEST_HOST)";
				CODE_SIGN_STYLE = Automatic;
				CURRENT_PROJECT_VERSION = 1;
				DEVELOPMENT_TEAM = 2SL2J74D3L;
				GENERATE_INFOPLIST_FILE = YES;
				MACOSX_DEPLOYMENT_TARGET = 14.5;
				MARKETING_VERSION = 1.0;
				PRODUCT_BUNDLE_IDENTIFIER = com.metallibraries.MNISTImageViewerTests;
				PRODUCT_NAME = "$(TARGET_NAME)";
				SWIFT_EMIT_LOC_STRINGS = NO;
				SWIFT_VERSION = 5.0;
				TEST_HOST = "$(BUILT_PRODUCTS_DIR)/MNISTImageViewer.app/$(BUNDLE_EXECUTABLE_FOLDER_PATH)/MNISTImageViewer";
			};
			name = Release;
		};
		A471A7992CD09BCE00B612E1 /* Debug */ = {
			isa = XCBuildConfiguration;
			buildSettings = {
				CODE_SIGN_STYLE = Automatic;
				CURRENT_PROJECT_VERSION = 1;
				DEVELOPMENT_TEAM = 2SL2J74D3L;
				GENERATE_INFOPLIST_FILE = YES;
				MARKETING_VERSION = 1.0;
				PRODUCT_BUNDLE_IDENTIFIER = com.metallibraries.MNISTImageViewerUITests;
				PRODUCT_NAME = "$(TARGET_NAME)";
				SWIFT_EMIT_LOC_STRINGS = NO;
				SWIFT_VERSION = 5.0;
				TEST_TARGET_NAME = MNISTImageViewer;
			};
			name = Debug;
		};
		A471A79A2CD09BCE00B612E1 /* Release */ = {
			isa = XCBuildConfiguration;
			buildSettings = {
				CODE_SIGN_STYLE = Automatic;
				CURRENT_PROJECT_VERSION = 1;
				DEVELOPMENT_TEAM = 2SL2J74D3L;
				GENERATE_INFOPLIST_FILE = YES;
				MARKETING_VERSION = 1.0;
				PRODUCT_BUNDLE_IDENTIFIER = com.metallibraries.MNISTImageViewerUITests;
				PRODUCT_NAME = "$(TARGET_NAME)";
				SWIFT_EMIT_LOC_STRINGS = NO;
				SWIFT_VERSION = 5.0;
				TEST_TARGET_NAME = MNISTImageViewer;
			};
			name = Release;
		};
/* End XCBuildConfiguration section */

/* Begin XCConfigurationList section */
		A471A7682CD09BCD00B612E1 /* Build configuration list for PBXProject "MNISTImageViewer" */ = {
			isa = XCConfigurationList;
			buildConfigurations = (
				A471A7902CD09BCE00B612E1 /* Debug */,
				A471A7912CD09BCE00B612E1 /* Release */,
			);
			defaultConfigurationIsVisible = 0;
			defaultConfigurationName = Release;
		};
		A471A7922CD09BCE00B612E1 /* Build configuration list for PBXNativeTarget "MNISTImageViewer" */ = {
			isa = XCConfigurationList;
			buildConfigurations = (
				A471A7932CD09BCE00B612E1 /* Debug */,
				A471A7942CD09BCE00B612E1 /* Release */,
			);
			defaultConfigurationIsVisible = 0;
			defaultConfigurationName = Release;
		};
		A471A7952CD09BCE00B612E1 /* Build configuration list for PBXNativeTarget "MNISTImageViewerTests" */ = {
			isa = XCConfigurationList;
			buildConfigurations = (
				A471A7962CD09BCE00B612E1 /* Debug */,
				A471A7972CD09BCE00B612E1 /* Release */,
			);
			defaultConfigurationIsVisible = 0;
			defaultConfigurationName = Release;
		};
		A471A7982CD09BCE00B612E1 /* Build configuration list for PBXNativeTarget "MNISTImageViewerUITests" */ = {
			isa = XCConfigurationList;
			buildConfigurations = (
				A471A7992CD09BCE00B612E1 /* Debug */,
				A471A79A2CD09BCE00B612E1 /* Release */,
			);
			defaultConfigurationIsVisible = 0;
			defaultConfigurationName = Release;
		};
/* End XCConfigurationList section */
	};
	rootObject = A471A7652CD09BCD00B612E1 /* Project object */;
}
